
Microsoft Visual Studio Solution File, Format Version 12.00
# Visual Studio 2012
Project("{FAE04EC0-301F-11D3-BF4B-00C04F79EFBC}") = "Qoden.Reflection", "Qoden.Reflection\Qoden.Reflection\Qoden.Reflection.csproj", "{57C412C4-BFB9-4AA1-B22E-27E4947D2BB0}"
EndProject
Project("{FAE04EC0-301F-11D3-BF4B-00C04F79EFBC}") = "Qoden.Format", "Qoden.Format\Qoden.Format\Qoden.Format.csproj", "{B21280F7-C63F-4EC6-8E15-D864E5A7DEA7}"
EndProject
Project("{FAE04EC0-301F-11D3-BF4B-00C04F79EFBC}") = "Qoden.Binding", "Qoden.Binding\Qoden.Binding\Qoden.Binding.csproj", "{5D196C87-1190-434D-ADBE-0D2291C71856}"
EndProject
Project("{2150E333-8FDC-42A3-9474-1A3956D46DE8}") = "Solution Items", "Solution Items", "{94C34C9F-1672-42DF-9FE1-863EBA714B80}"
	ProjectSection(SolutionItems) = preProject
		NuGet.config = NuGet.config
		Qoden.sln = Qoden.sln
		rebuild.sh = rebuild.sh
	EndProjectSection
EndProject
Project("{FAE04EC0-301F-11D3-BF4B-00C04F79EFBC}") = "Qoden.Validation.Test", "Qoden.Validation\Qoden.Validation.Test\Qoden.Validation.Test.csproj", "{F0130788-DF8A-497E-AFC2-41B7F5CD035E}"
EndProject
Project("{FAE04EC0-301F-11D3-BF4B-00C04F79EFBC}") = "Qoden.Binding.Test", "Qoden.Binding\Qoden.Binding.Test\Qoden.Binding.Test.csproj", "{AC74AFD0-3246-456A-BB33-4FAA7748E593}"
EndProject
Project("{2150E333-8FDC-42A3-9474-1A3956D46DE8}") = "UI", "UI", "{77894A8D-545A-4B19-B852-333C69A7B448}"
EndProject
Project("{2150E333-8FDC-42A3-9474-1A3956D46DE8}") = "SlideController", "SlideController", "{2F83DB07-C5C2-4336-9754-5CC5B500B7D2}"
EndProject
Project("{FAE04EC0-301F-11D3-BF4B-00C04F79EFBC}") = "Qoden.SlideController.iOS", "Qoden.SlideController\Qoden.SlideController.iOS\Qoden.SlideController.iOS.csproj", "{665D3C5C-9E55-41A6-81C7-02FB7FFA4C9B}"
EndProject
Project("{2150E333-8FDC-42A3-9474-1A3956D46DE8}") = "Binding", "Binding", "{8B9D6CF6-2AB0-4E34-BD82-B4AF97E9FA4C}"
EndProject
Project("{2150E333-8FDC-42A3-9474-1A3956D46DE8}") = "Validation", "Validation", "{F7DF41B4-2460-4677-AF4E-AA6FC3CF348E}"
EndProject
Project("{2150E333-8FDC-42A3-9474-1A3956D46DE8}") = "Calendar", "Calendar", "{A4D2A66A-FC04-48BA-9D1A-56C03A962A79}"
EndProject
Project("{D954291E-2A0B-460D-934E-DC6B0785DB48}") = "Qoden.Calendar", "Qoden.Calendar\Qoden.Calendar\Qoden.Calendar.shproj", "{F6CE7713-2018-4060-9E36-F78048662C94}"
EndProject
Project("{FAE04EC0-301F-11D3-BF4B-00C04F79EFBC}") = "Qoden.Calendar.iOS", "Qoden.Calendar\Qoden.Calendar.iOS\Qoden.Calendar.iOS.csproj", "{C2D631A9-BC08-47D9-92B7-5F9482A3A58A}"
EndProject
Project("{FAE04EC0-301F-11D3-BF4B-00C04F79EFBC}") = "Qoden.UI.iOS", "Qoden.UI\Qoden.UI.iOS\Qoden.UI.iOS.csproj", "{FFE30417-BB9D-4669-9BE8-3866380BE603}"
EndProject
Project("{FAE04EC0-301F-11D3-BF4B-00C04F79EFBC}") = "Qoden.Util", "Qoden.Util\Qoden.Util\Qoden.Util.csproj", "{C9A987B7-6737-4E10-AC63-DB0779844920}"
EndProject
Project("{FAE04EC0-301F-11D3-BF4B-00C04F79EFBC}") = "Qoden.Validation.AspNetCore", "Qoden.Validation\Qoden.Validation.AspNetCore\Qoden.Validation.AspNetCore.csproj", "{8354EBB6-F5C7-4F43-96C1-CDE88156CEB5}"
EndProject
Project("{2150E333-8FDC-42A3-9474-1A3956D46DE8}") = "Auth", "Auth", "{E68DA936-D15B-4E55-ACA8-7D12995A301B}"
EndProject
Project("{FAE04EC0-301F-11D3-BF4B-00C04F79EFBC}") = "Qoden.Auth.iOS", "Qoden.Auth\Qoden.Auth.iOS\Qoden.Auth.iOS.csproj", "{F4FE7993-CDBC-4E8B-8123-AD43148D16DF}"
EndProject
Project("{FAE04EC0-301F-11D3-BF4B-00C04F79EFBC}") = "Qoden.Auth", "Qoden.Auth\Qoden.Auth\Qoden.Auth.csproj", "{F8151170-07E6-4471-9D2D-089656E985E6}"
EndProject
Project("{FAE04EC0-301F-11D3-BF4B-00C04F79EFBC}") = "Qoden.UI", "Qoden.UI\Qoden.UI\Qoden.UI.csproj", "{29C5A133-2157-475D-9BAC-FEF20116312E}"
EndProject
Project("{FAE04EC0-301F-11D3-BF4B-00C04F79EFBC}") = "Qoden.Serilog", "Qoden.Serilog\Qoden.Serilog\Qoden.Serilog.csproj", "{C819C702-7485-4F92-9D9F-78AB6C50F2D5}"
EndProject
Project("{FAE04EC0-301F-11D3-BF4B-00C04F79EFBC}") = "Qoden.Validation", "Qoden.Validation\Qoden.Validation\Qoden.Validation.csproj", "{BD8869F8-5AC0-4EA1-A465-751C4E2E34D8}"
EndProject
Project("{FAE04EC0-301F-11D3-BF4B-00C04F79EFBC}") = "Qoden.Auth.Test", "Qoden.Auth\Test\Qoden.Auth.Test.csproj", "{A7420B94-91F7-49F2-94EF-E8AC75B34A51}"
EndProject
Global
	GlobalSection(SolutionConfigurationPlatforms) = preSolution
		Debug|Any CPU = Debug|Any CPU
		Release|Any CPU = Release|Any CPU
	EndGlobalSection
	GlobalSection(ProjectConfigurationPlatforms) = postSolution
		{57C412C4-BFB9-4AA1-B22E-27E4947D2BB0}.Debug|Any CPU.ActiveCfg = Debug|Any CPU
		{57C412C4-BFB9-4AA1-B22E-27E4947D2BB0}.Debug|Any CPU.Build.0 = Debug|Any CPU
		{57C412C4-BFB9-4AA1-B22E-27E4947D2BB0}.Release|Any CPU.ActiveCfg = Release|Any CPU
		{57C412C4-BFB9-4AA1-B22E-27E4947D2BB0}.Release|Any CPU.Build.0 = Release|Any CPU
		{B21280F7-C63F-4EC6-8E15-D864E5A7DEA7}.Debug|Any CPU.ActiveCfg = Debug|Any CPU
		{B21280F7-C63F-4EC6-8E15-D864E5A7DEA7}.Debug|Any CPU.Build.0 = Debug|Any CPU
		{B21280F7-C63F-4EC6-8E15-D864E5A7DEA7}.Release|Any CPU.ActiveCfg = Release|Any CPU
		{B21280F7-C63F-4EC6-8E15-D864E5A7DEA7}.Release|Any CPU.Build.0 = Release|Any CPU
		{5D196C87-1190-434D-ADBE-0D2291C71856}.Debug|Any CPU.ActiveCfg = Debug|Any CPU
		{5D196C87-1190-434D-ADBE-0D2291C71856}.Debug|Any CPU.Build.0 = Debug|Any CPU
		{5D196C87-1190-434D-ADBE-0D2291C71856}.Release|Any CPU.ActiveCfg = Release|Any CPU
		{5D196C87-1190-434D-ADBE-0D2291C71856}.Release|Any CPU.Build.0 = Release|Any CPU
		{F0130788-DF8A-497E-AFC2-41B7F5CD035E}.Debug|Any CPU.ActiveCfg = Debug|Any CPU
		{F0130788-DF8A-497E-AFC2-41B7F5CD035E}.Debug|Any CPU.Build.0 = Debug|Any CPU
		{F0130788-DF8A-497E-AFC2-41B7F5CD035E}.Release|Any CPU.ActiveCfg = Release|Any CPU
		{F0130788-DF8A-497E-AFC2-41B7F5CD035E}.Release|Any CPU.Build.0 = Release|Any CPU
		{AC74AFD0-3246-456A-BB33-4FAA7748E593}.Debug|Any CPU.ActiveCfg = Debug|Any CPU
		{AC74AFD0-3246-456A-BB33-4FAA7748E593}.Debug|Any CPU.Build.0 = Debug|Any CPU
		{AC74AFD0-3246-456A-BB33-4FAA7748E593}.Release|Any CPU.ActiveCfg = Release|Any CPU
		{AC74AFD0-3246-456A-BB33-4FAA7748E593}.Release|Any CPU.Build.0 = Release|Any CPU
		{665D3C5C-9E55-41A6-81C7-02FB7FFA4C9B}.Debug|Any CPU.ActiveCfg = Debug|Any CPU
		{665D3C5C-9E55-41A6-81C7-02FB7FFA4C9B}.Debug|Any CPU.Build.0 = Debug|Any CPU
		{665D3C5C-9E55-41A6-81C7-02FB7FFA4C9B}.Release|Any CPU.ActiveCfg = Release|Any CPU
		{665D3C5C-9E55-41A6-81C7-02FB7FFA4C9B}.Release|Any CPU.Build.0 = Release|Any CPU
		{C2D631A9-BC08-47D9-92B7-5F9482A3A58A}.Debug|Any CPU.ActiveCfg = Debug|Any CPU
		{C2D631A9-BC08-47D9-92B7-5F9482A3A58A}.Debug|Any CPU.Build.0 = Debug|Any CPU
		{C2D631A9-BC08-47D9-92B7-5F9482A3A58A}.Release|Any CPU.ActiveCfg = Release|Any CPU
		{C2D631A9-BC08-47D9-92B7-5F9482A3A58A}.Release|Any CPU.Build.0 = Release|Any CPU
		{FFE30417-BB9D-4669-9BE8-3866380BE603}.Debug|Any CPU.ActiveCfg = Debug|Any CPU
		{FFE30417-BB9D-4669-9BE8-3866380BE603}.Debug|Any CPU.Build.0 = Debug|Any CPU
		{FFE30417-BB9D-4669-9BE8-3866380BE603}.Release|Any CPU.ActiveCfg = Release|Any CPU
		{FFE30417-BB9D-4669-9BE8-3866380BE603}.Release|Any CPU.Build.0 = Release|Any CPU
		{C9A987B7-6737-4E10-AC63-DB0779844920}.Debug|Any CPU.ActiveCfg = Debug|Any CPU
		{C9A987B7-6737-4E10-AC63-DB0779844920}.Debug|Any CPU.Build.0 = Debug|Any CPU
		{C9A987B7-6737-4E10-AC63-DB0779844920}.Release|Any CPU.ActiveCfg = Release|Any CPU
		{C9A987B7-6737-4E10-AC63-DB0779844920}.Release|Any CPU.Build.0 = Release|Any CPU
		{8354EBB6-F5C7-4F43-96C1-CDE88156CEB5}.Debug|Any CPU.ActiveCfg = Debug|Any CPU
		{8354EBB6-F5C7-4F43-96C1-CDE88156CEB5}.Debug|Any CPU.Build.0 = Debug|Any CPU
		{8354EBB6-F5C7-4F43-96C1-CDE88156CEB5}.Release|Any CPU.ActiveCfg = Release|Any CPU
		{8354EBB6-F5C7-4F43-96C1-CDE88156CEB5}.Release|Any CPU.Build.0 = Release|Any CPU
		{F4FE7993-CDBC-4E8B-8123-AD43148D16DF}.Debug|Any CPU.ActiveCfg = Debug|Any CPU
		{F4FE7993-CDBC-4E8B-8123-AD43148D16DF}.Debug|Any CPU.Build.0 = Debug|Any CPU
		{F4FE7993-CDBC-4E8B-8123-AD43148D16DF}.Release|Any CPU.ActiveCfg = Release|Any CPU
		{F4FE7993-CDBC-4E8B-8123-AD43148D16DF}.Release|Any CPU.Build.0 = Release|Any CPU
		{F8151170-07E6-4471-9D2D-089656E985E6}.Debug|Any CPU.ActiveCfg = Debug|Any CPU
		{F8151170-07E6-4471-9D2D-089656E985E6}.Debug|Any CPU.Build.0 = Debug|Any CPU
		{F8151170-07E6-4471-9D2D-089656E985E6}.Release|Any CPU.ActiveCfg = Release|Any CPU
		{F8151170-07E6-4471-9D2D-089656E985E6}.Release|Any CPU.Build.0 = Release|Any CPU
		{29C5A133-2157-475D-9BAC-FEF20116312E}.Debug|Any CPU.ActiveCfg = Debug|Any CPU
		{29C5A133-2157-475D-9BAC-FEF20116312E}.Debug|Any CPU.Build.0 = Debug|Any CPU
		{29C5A133-2157-475D-9BAC-FEF20116312E}.Release|Any CPU.ActiveCfg = Release|Any CPU
		{29C5A133-2157-475D-9BAC-FEF20116312E}.Release|Any CPU.Build.0 = Release|Any CPU
		{C819C702-7485-4F92-9D9F-78AB6C50F2D5}.Debug|Any CPU.ActiveCfg = Debug|Any CPU
		{C819C702-7485-4F92-9D9F-78AB6C50F2D5}.Debug|Any CPU.Build.0 = Debug|Any CPU
		{C819C702-7485-4F92-9D9F-78AB6C50F2D5}.Release|Any CPU.ActiveCfg = Release|Any CPU
		{C819C702-7485-4F92-9D9F-78AB6C50F2D5}.Release|Any CPU.Build.0 = Release|Any CPU
		{BD8869F8-5AC0-4EA1-A465-751C4E2E34D8}.Debug|Any CPU.ActiveCfg = Debug|Any CPU
		{BD8869F8-5AC0-4EA1-A465-751C4E2E34D8}.Debug|Any CPU.Build.0 = Debug|Any CPU
		{BD8869F8-5AC0-4EA1-A465-751C4E2E34D8}.Release|Any CPU.ActiveCfg = Release|Any CPU
		{BD8869F8-5AC0-4EA1-A465-751C4E2E34D8}.Release|Any CPU.Build.0 = Release|Any CPU
		{A7420B94-91F7-49F2-94EF-E8AC75B34A51}.Debug|Any CPU.ActiveCfg = Debug|Any CPU
		{A7420B94-91F7-49F2-94EF-E8AC75B34A51}.Debug|Any CPU.Build.0 = Debug|Any CPU
		{A7420B94-91F7-49F2-94EF-E8AC75B34A51}.Release|Any CPU.ActiveCfg = Release|Any CPU
		{A7420B94-91F7-49F2-94EF-E8AC75B34A51}.Release|Any CPU.Build.0 = Release|Any CPU
	EndGlobalSection
	GlobalSection(NestedProjects) = preSolution
		{665D3C5C-9E55-41A6-81C7-02FB7FFA4C9B} = {2F83DB07-C5C2-4336-9754-5CC5B500B7D2}
		{5D196C87-1190-434D-ADBE-0D2291C71856} = {8B9D6CF6-2AB0-4E34-BD82-B4AF97E9FA4C}
		{AC74AFD0-3246-456A-BB33-4FAA7748E593} = {8B9D6CF6-2AB0-4E34-BD82-B4AF97E9FA4C}
		{F0130788-DF8A-497E-AFC2-41B7F5CD035E} = {F7DF41B4-2460-4677-AF4E-AA6FC3CF348E}
		{F6CE7713-2018-4060-9E36-F78048662C94} = {A4D2A66A-FC04-48BA-9D1A-56C03A962A79}
		{C2D631A9-BC08-47D9-92B7-5F9482A3A58A} = {A4D2A66A-FC04-48BA-9D1A-56C03A962A79}
		{FFE30417-BB9D-4669-9BE8-3866380BE603} = {77894A8D-545A-4B19-B852-333C69A7B448}
		{8354EBB6-F5C7-4F43-96C1-CDE88156CEB5} = {F7DF41B4-2460-4677-AF4E-AA6FC3CF348E}
		{F4FE7993-CDBC-4E8B-8123-AD43148D16DF} = {E68DA936-D15B-4E55-ACA8-7D12995A301B}
		{F8151170-07E6-4471-9D2D-089656E985E6} = {E68DA936-D15B-4E55-ACA8-7D12995A301B}
		{29C5A133-2157-475D-9BAC-FEF20116312E} = {77894A8D-545A-4B19-B852-333C69A7B448}
		{BD8869F8-5AC0-4EA1-A465-751C4E2E34D8} = {F7DF41B4-2460-4677-AF4E-AA6FC3CF348E}
		{A7420B94-91F7-49F2-94EF-E8AC75B34A51} = {E68DA936-D15B-4E55-ACA8-7D12995A301B}
	EndGlobalSection
EndGlobal
