
Microsoft Visual Studio Solution File, Format Version 12.00
# Visual Studio 2012
Project("{2150E333-8FDC-42A3-9474-1A3956D46DE8}") = "Solution Items", "Solution Items", "{94C34C9F-1672-42DF-9FE1-863EBA714B80}"
	ProjectSection(SolutionItems) = preProject
		NuGet.config = NuGet.config
		Qoden.sln = Qoden.sln
		rebuild.sh = rebuild.sh
	EndProjectSection
EndProject
Project("{FAE04EC0-301F-11D3-BF4B-00C04F79EFBC}") = "Qoden.Validation.Test", "Qoden.Validation\Qoden.Validation.Test\Qoden.Validation.Test.csproj", "{F0130788-DF8A-497E-AFC2-41B7F5CD035E}"
EndProject
Project("{2150E333-8FDC-42A3-9474-1A3956D46DE8}") = "UI", "UI", "{77894A8D-545A-4B19-B852-333C69A7B448}"
EndProject
Project("{2150E333-8FDC-42A3-9474-1A3956D46DE8}") = "SlideController", "SlideController", "{2F83DB07-C5C2-4336-9754-5CC5B500B7D2}"
EndProject
Project("{FAE04EC0-301F-11D3-BF4B-00C04F79EFBC}") = "Qoden.SlideController.iOS", "Qoden.SlideController\Qoden.SlideController.iOS\Qoden.SlideController.iOS.csproj", "{665D3C5C-9E55-41A6-81C7-02FB7FFA4C9B}"
EndProject
Project("{2150E333-8FDC-42A3-9474-1A3956D46DE8}") = "Binding", "Binding", "{8B9D6CF6-2AB0-4E34-BD82-B4AF97E9FA4C}"
EndProject
Project("{2150E333-8FDC-42A3-9474-1A3956D46DE8}") = "Validation", "Validation", "{F7DF41B4-2460-4677-AF4E-AA6FC3CF348E}"
EndProject
Project("{2150E333-8FDC-42A3-9474-1A3956D46DE8}") = "Calendar", "Calendar", "{A4D2A66A-FC04-48BA-9D1A-56C03A962A79}"
EndProject
Project("{D954291E-2A0B-460D-934E-DC6B0785DB48}") = "Qoden.Calendar", "Qoden.Calendar\Qoden.Calendar\Qoden.Calendar.shproj", "{F6CE7713-2018-4060-9E36-F78048662C94}"
EndProject
Project("{FAE04EC0-301F-11D3-BF4B-00C04F79EFBC}") = "Qoden.Calendar.iOS", "Qoden.Calendar\Qoden.Calendar.iOS\Qoden.Calendar.iOS.csproj", "{C2D631A9-BC08-47D9-92B7-5F9482A3A58A}"
EndProject
Project("{FAE04EC0-301F-11D3-BF4B-00C04F79EFBC}") = "Qoden.Validation.AspNetCore", "Qoden.Validation\Qoden.Validation.AspNetCore\Qoden.Validation.AspNetCore.csproj", "{8354EBB6-F5C7-4F43-96C1-CDE88156CEB5}"
EndProject
Project("{2150E333-8FDC-42A3-9474-1A3956D46DE8}") = "Auth", "Auth", "{E68DA936-D15B-4E55-ACA8-7D12995A301B}"
EndProject
Project("{FAE04EC0-301F-11D3-BF4B-00C04F79EFBC}") = "Qoden.Auth.iOS", "Qoden.Auth\Qoden.Auth.iOS\Qoden.Auth.iOS.csproj", "{F4FE7993-CDBC-4E8B-8123-AD43148D16DF}"
EndProject
Project("{FAE04EC0-301F-11D3-BF4B-00C04F79EFBC}") = "Qoden.Auth", "Qoden.Auth\Qoden.Auth\Qoden.Auth.csproj", "{F8151170-07E6-4471-9D2D-089656E985E6}"
EndProject
Project("{FAE04EC0-301F-11D3-BF4B-00C04F79EFBC}") = "Qoden.Validation", "Qoden.Validation\Qoden.Validation\Qoden.Validation.csproj", "{BD8869F8-5AC0-4EA1-A465-751C4E2E34D8}"
EndProject
Project("{FAE04EC0-301F-11D3-BF4B-00C04F79EFBC}") = "Qoden.Auth.Test", "Qoden.Auth\Test\Qoden.Auth.Test.csproj", "{A7420B94-91F7-49F2-94EF-E8AC75B34A51}"
EndProject
Project("{FAE04EC0-301F-11D3-BF4B-00C04F79EFBC}") = "Binding.Test", "Qoden.UI\Binding.Test\Binding.Test.csproj", "{01092FC1-A9E8-4E32-8F9F-31E362C6F888}"
EndProject
Project("{9344BDBB-3E7F-41FC-A0DD-8665D75EE146}") = "Qoden.Reflection", "Qoden.Reflection\Qoden.Reflection\Qoden.Reflection.csproj", "{0746CE43-E947-48F0-9070-8574DB6EE8BB}"
EndProject
Project("{9344BDBB-3E7F-41FC-A0DD-8665D75EE146}") = "Qoden.Format", "Qoden.Format\Qoden.Format\Qoden.Format.csproj", "{6F27E4D8-CB12-4DB0-AA90-0B9AD698CFCD}"
EndProject
Project("{9344BDBB-3E7F-41FC-A0DD-8665D75EE146}") = "Qoden.Binding", "Qoden.Binding\Qoden.Binding\Qoden.Binding.csproj", "{98992F8B-BBC5-4DBD-8243-E43B5158C722}"
EndProject
Project("{9344BDBB-3E7F-41FC-A0DD-8665D75EE146}") = "Qoden.Binding.Test", "Qoden.Binding\Qoden.Binding.Test\Qoden.Binding.Test.csproj", "{AD782BEA-F886-4473-A84E-57F41B7109F0}"
EndProject
Project("{9344BDBB-3E7F-41FC-A0DD-8665D75EE146}") = "Qoden.Util", "Qoden.Util\Qoden.Util\Qoden.Util.csproj", "{6AD66E6B-E700-44C3-BD12-1725C2BA3BCC}"
EndProject
Project("{9344BDBB-3E7F-41FC-A0DD-8665D75EE146}") = "Qoden.Serilog", "Qoden.Serilog\Qoden.Serilog\Qoden.Serilog.csproj", "{FAC47A8C-2B1F-452B-ACD4-B5E3F6CCA7B4}"
EndProject
Global
	GlobalSection(SolutionConfigurationPlatforms) = preSolution
		Debug|Any CPU = Debug|Any CPU
		Release|Any CPU = Release|Any CPU
		Debug|iPhoneSimulator = Debug|iPhoneSimulator
		Release|iPhone = Release|iPhone
		Release|iPhoneSimulator = Release|iPhoneSimulator
		Debug|iPhone = Debug|iPhone
	EndGlobalSection
	GlobalSection(ProjectConfigurationPlatforms) = postSolution
		{F0130788-DF8A-497E-AFC2-41B7F5CD035E}.Debug|Any CPU.ActiveCfg = Debug|Any CPU
		{F0130788-DF8A-497E-AFC2-41B7F5CD035E}.Debug|Any CPU.Build.0 = Debug|Any CPU
		{F0130788-DF8A-497E-AFC2-41B7F5CD035E}.Release|Any CPU.ActiveCfg = Release|Any CPU
		{F0130788-DF8A-497E-AFC2-41B7F5CD035E}.Release|Any CPU.Build.0 = Release|Any CPU
		{F0130788-DF8A-497E-AFC2-41B7F5CD035E}.Debug|iPhoneSimulator.ActiveCfg = Debug|Any CPU
		{F0130788-DF8A-497E-AFC2-41B7F5CD035E}.Debug|iPhoneSimulator.Build.0 = Debug|Any CPU
		{F0130788-DF8A-497E-AFC2-41B7F5CD035E}.Release|iPhone.ActiveCfg = Release|Any CPU
		{F0130788-DF8A-497E-AFC2-41B7F5CD035E}.Release|iPhone.Build.0 = Release|Any CPU
		{F0130788-DF8A-497E-AFC2-41B7F5CD035E}.Release|iPhoneSimulator.ActiveCfg = Release|Any CPU
		{F0130788-DF8A-497E-AFC2-41B7F5CD035E}.Release|iPhoneSimulator.Build.0 = Release|Any CPU
		{F0130788-DF8A-497E-AFC2-41B7F5CD035E}.Debug|iPhone.ActiveCfg = Debug|Any CPU
		{F0130788-DF8A-497E-AFC2-41B7F5CD035E}.Debug|iPhone.Build.0 = Debug|Any CPU
		{665D3C5C-9E55-41A6-81C7-02FB7FFA4C9B}.Debug|Any CPU.ActiveCfg = Debug|Any CPU
		{665D3C5C-9E55-41A6-81C7-02FB7FFA4C9B}.Debug|Any CPU.Build.0 = Debug|Any CPU
		{665D3C5C-9E55-41A6-81C7-02FB7FFA4C9B}.Release|Any CPU.ActiveCfg = Release|Any CPU
		{665D3C5C-9E55-41A6-81C7-02FB7FFA4C9B}.Release|Any CPU.Build.0 = Release|Any CPU
		{665D3C5C-9E55-41A6-81C7-02FB7FFA4C9B}.Debug|iPhoneSimulator.ActiveCfg = Debug|Any CPU
		{665D3C5C-9E55-41A6-81C7-02FB7FFA4C9B}.Debug|iPhoneSimulator.Build.0 = Debug|Any CPU
		{665D3C5C-9E55-41A6-81C7-02FB7FFA4C9B}.Release|iPhone.ActiveCfg = Release|Any CPU
		{665D3C5C-9E55-41A6-81C7-02FB7FFA4C9B}.Release|iPhone.Build.0 = Release|Any CPU
		{665D3C5C-9E55-41A6-81C7-02FB7FFA4C9B}.Release|iPhoneSimulator.ActiveCfg = Release|Any CPU
		{665D3C5C-9E55-41A6-81C7-02FB7FFA4C9B}.Release|iPhoneSimulator.Build.0 = Release|Any CPU
		{665D3C5C-9E55-41A6-81C7-02FB7FFA4C9B}.Debug|iPhone.ActiveCfg = Debug|Any CPU
		{665D3C5C-9E55-41A6-81C7-02FB7FFA4C9B}.Debug|iPhone.Build.0 = Debug|Any CPU
		{C2D631A9-BC08-47D9-92B7-5F9482A3A58A}.Debug|Any CPU.ActiveCfg = Debug|Any CPU
		{C2D631A9-BC08-47D9-92B7-5F9482A3A58A}.Debug|Any CPU.Build.0 = Debug|Any CPU
		{C2D631A9-BC08-47D9-92B7-5F9482A3A58A}.Release|Any CPU.ActiveCfg = Release|Any CPU
		{C2D631A9-BC08-47D9-92B7-5F9482A3A58A}.Release|Any CPU.Build.0 = Release|Any CPU
		{C2D631A9-BC08-47D9-92B7-5F9482A3A58A}.Debug|iPhoneSimulator.ActiveCfg = Debug|Any CPU
		{C2D631A9-BC08-47D9-92B7-5F9482A3A58A}.Debug|iPhoneSimulator.Build.0 = Debug|Any CPU
		{C2D631A9-BC08-47D9-92B7-5F9482A3A58A}.Release|iPhone.ActiveCfg = Release|Any CPU
		{C2D631A9-BC08-47D9-92B7-5F9482A3A58A}.Release|iPhone.Build.0 = Release|Any CPU
		{C2D631A9-BC08-47D9-92B7-5F9482A3A58A}.Release|iPhoneSimulator.ActiveCfg = Release|Any CPU
		{C2D631A9-BC08-47D9-92B7-5F9482A3A58A}.Release|iPhoneSimulator.Build.0 = Release|Any CPU
		{C2D631A9-BC08-47D9-92B7-5F9482A3A58A}.Debug|iPhone.ActiveCfg = Debug|Any CPU
		{C2D631A9-BC08-47D9-92B7-5F9482A3A58A}.Debug|iPhone.Build.0 = Debug|Any CPU
		{8354EBB6-F5C7-4F43-96C1-CDE88156CEB5}.Debug|Any CPU.ActiveCfg = Debug|Any CPU
		{8354EBB6-F5C7-4F43-96C1-CDE88156CEB5}.Debug|Any CPU.Build.0 = Debug|Any CPU
		{8354EBB6-F5C7-4F43-96C1-CDE88156CEB5}.Release|Any CPU.ActiveCfg = Release|Any CPU
		{8354EBB6-F5C7-4F43-96C1-CDE88156CEB5}.Release|Any CPU.Build.0 = Release|Any CPU
		{8354EBB6-F5C7-4F43-96C1-CDE88156CEB5}.Debug|iPhoneSimulator.ActiveCfg = Debug|Any CPU
		{8354EBB6-F5C7-4F43-96C1-CDE88156CEB5}.Debug|iPhoneSimulator.Build.0 = Debug|Any CPU
		{8354EBB6-F5C7-4F43-96C1-CDE88156CEB5}.Release|iPhone.ActiveCfg = Release|Any CPU
		{8354EBB6-F5C7-4F43-96C1-CDE88156CEB5}.Release|iPhone.Build.0 = Release|Any CPU
		{8354EBB6-F5C7-4F43-96C1-CDE88156CEB5}.Release|iPhoneSimulator.ActiveCfg = Release|Any CPU
		{8354EBB6-F5C7-4F43-96C1-CDE88156CEB5}.Release|iPhoneSimulator.Build.0 = Release|Any CPU
		{8354EBB6-F5C7-4F43-96C1-CDE88156CEB5}.Debug|iPhone.ActiveCfg = Debug|Any CPU
		{8354EBB6-F5C7-4F43-96C1-CDE88156CEB5}.Debug|iPhone.Build.0 = Debug|Any CPU
		{F4FE7993-CDBC-4E8B-8123-AD43148D16DF}.Debug|Any CPU.ActiveCfg = Debug|Any CPU
		{F4FE7993-CDBC-4E8B-8123-AD43148D16DF}.Debug|Any CPU.Build.0 = Debug|Any CPU
		{F4FE7993-CDBC-4E8B-8123-AD43148D16DF}.Release|Any CPU.ActiveCfg = Release|Any CPU
		{F4FE7993-CDBC-4E8B-8123-AD43148D16DF}.Release|Any CPU.Build.0 = Release|Any CPU
		{F4FE7993-CDBC-4E8B-8123-AD43148D16DF}.Debug|iPhoneSimulator.ActiveCfg = Debug|Any CPU
		{F4FE7993-CDBC-4E8B-8123-AD43148D16DF}.Debug|iPhoneSimulator.Build.0 = Debug|Any CPU
		{F4FE7993-CDBC-4E8B-8123-AD43148D16DF}.Release|iPhone.ActiveCfg = Release|Any CPU
		{F4FE7993-CDBC-4E8B-8123-AD43148D16DF}.Release|iPhone.Build.0 = Release|Any CPU
		{F4FE7993-CDBC-4E8B-8123-AD43148D16DF}.Release|iPhoneSimulator.ActiveCfg = Release|Any CPU
		{F4FE7993-CDBC-4E8B-8123-AD43148D16DF}.Release|iPhoneSimulator.Build.0 = Release|Any CPU
		{F4FE7993-CDBC-4E8B-8123-AD43148D16DF}.Debug|iPhone.ActiveCfg = Debug|Any CPU
		{F4FE7993-CDBC-4E8B-8123-AD43148D16DF}.Debug|iPhone.Build.0 = Debug|Any CPU
		{F8151170-07E6-4471-9D2D-089656E985E6}.Debug|Any CPU.ActiveCfg = Debug|Any CPU
		{F8151170-07E6-4471-9D2D-089656E985E6}.Debug|Any CPU.Build.0 = Debug|Any CPU
		{F8151170-07E6-4471-9D2D-089656E985E6}.Release|Any CPU.ActiveCfg = Release|Any CPU
		{F8151170-07E6-4471-9D2D-089656E985E6}.Release|Any CPU.Build.0 = Release|Any CPU
		{F8151170-07E6-4471-9D2D-089656E985E6}.Debug|iPhoneSimulator.ActiveCfg = Debug|Any CPU
		{F8151170-07E6-4471-9D2D-089656E985E6}.Debug|iPhoneSimulator.Build.0 = Debug|Any CPU
		{F8151170-07E6-4471-9D2D-089656E985E6}.Release|iPhone.ActiveCfg = Release|Any CPU
		{F8151170-07E6-4471-9D2D-089656E985E6}.Release|iPhone.Build.0 = Release|Any CPU
		{F8151170-07E6-4471-9D2D-089656E985E6}.Release|iPhoneSimulator.ActiveCfg = Release|Any CPU
		{F8151170-07E6-4471-9D2D-089656E985E6}.Release|iPhoneSimulator.Build.0 = Release|Any CPU
		{F8151170-07E6-4471-9D2D-089656E985E6}.Debug|iPhone.ActiveCfg = Debug|Any CPU
		{F8151170-07E6-4471-9D2D-089656E985E6}.Debug|iPhone.Build.0 = Debug|Any CPU
		{BD8869F8-5AC0-4EA1-A465-751C4E2E34D8}.Debug|Any CPU.ActiveCfg = Debug|Any CPU
		{BD8869F8-5AC0-4EA1-A465-751C4E2E34D8}.Debug|Any CPU.Build.0 = Debug|Any CPU
		{BD8869F8-5AC0-4EA1-A465-751C4E2E34D8}.Release|Any CPU.ActiveCfg = Release|Any CPU
		{BD8869F8-5AC0-4EA1-A465-751C4E2E34D8}.Release|Any CPU.Build.0 = Release|Any CPU
		{BD8869F8-5AC0-4EA1-A465-751C4E2E34D8}.Debug|iPhoneSimulator.ActiveCfg = Debug|Any CPU
		{BD8869F8-5AC0-4EA1-A465-751C4E2E34D8}.Debug|iPhoneSimulator.Build.0 = Debug|Any CPU
		{BD8869F8-5AC0-4EA1-A465-751C4E2E34D8}.Release|iPhone.ActiveCfg = Release|Any CPU
		{BD8869F8-5AC0-4EA1-A465-751C4E2E34D8}.Release|iPhone.Build.0 = Release|Any CPU
		{BD8869F8-5AC0-4EA1-A465-751C4E2E34D8}.Release|iPhoneSimulator.ActiveCfg = Release|Any CPU
		{BD8869F8-5AC0-4EA1-A465-751C4E2E34D8}.Release|iPhoneSimulator.Build.0 = Release|Any CPU
		{BD8869F8-5AC0-4EA1-A465-751C4E2E34D8}.Debug|iPhone.ActiveCfg = Debug|Any CPU
		{BD8869F8-5AC0-4EA1-A465-751C4E2E34D8}.Debug|iPhone.Build.0 = Debug|Any CPU
		{A7420B94-91F7-49F2-94EF-E8AC75B34A51}.Debug|Any CPU.ActiveCfg = Debug|Any CPU
		{A7420B94-91F7-49F2-94EF-E8AC75B34A51}.Debug|Any CPU.Build.0 = Debug|Any CPU
		{A7420B94-91F7-49F2-94EF-E8AC75B34A51}.Release|Any CPU.ActiveCfg = Release|Any CPU
		{A7420B94-91F7-49F2-94EF-E8AC75B34A51}.Release|Any CPU.Build.0 = Release|Any CPU
		{A7420B94-91F7-49F2-94EF-E8AC75B34A51}.Debug|iPhoneSimulator.ActiveCfg = Debug|Any CPU
		{A7420B94-91F7-49F2-94EF-E8AC75B34A51}.Debug|iPhoneSimulator.Build.0 = Debug|Any CPU
		{A7420B94-91F7-49F2-94EF-E8AC75B34A51}.Release|iPhone.ActiveCfg = Release|Any CPU
		{A7420B94-91F7-49F2-94EF-E8AC75B34A51}.Release|iPhone.Build.0 = Release|Any CPU
		{A7420B94-91F7-49F2-94EF-E8AC75B34A51}.Release|iPhoneSimulator.ActiveCfg = Release|Any CPU
		{A7420B94-91F7-49F2-94EF-E8AC75B34A51}.Release|iPhoneSimulator.Build.0 = Release|Any CPU
		{A7420B94-91F7-49F2-94EF-E8AC75B34A51}.Debug|iPhone.ActiveCfg = Debug|Any CPU
		{A7420B94-91F7-49F2-94EF-E8AC75B34A51}.Debug|iPhone.Build.0 = Debug|Any CPU
		{01092FC1-A9E8-4E32-8F9F-31E362C6F888}.Debug|Any CPU.ActiveCfg = Debug|Any CPU
		{01092FC1-A9E8-4E32-8F9F-31E362C6F888}.Debug|Any CPU.Build.0 = Debug|Any CPU
		{01092FC1-A9E8-4E32-8F9F-31E362C6F888}.Release|Any CPU.ActiveCfg = Release|Any CPU
		{01092FC1-A9E8-4E32-8F9F-31E362C6F888}.Release|Any CPU.Build.0 = Release|Any CPU
		{01092FC1-A9E8-4E32-8F9F-31E362C6F888}.Debug|iPhoneSimulator.ActiveCfg = Debug|Any CPU
		{01092FC1-A9E8-4E32-8F9F-31E362C6F888}.Debug|iPhoneSimulator.Build.0 = Debug|Any CPU
		{01092FC1-A9E8-4E32-8F9F-31E362C6F888}.Release|iPhone.ActiveCfg = Release|Any CPU
		{01092FC1-A9E8-4E32-8F9F-31E362C6F888}.Release|iPhone.Build.0 = Release|Any CPU
		{01092FC1-A9E8-4E32-8F9F-31E362C6F888}.Release|iPhoneSimulator.ActiveCfg = Release|Any CPU
		{01092FC1-A9E8-4E32-8F9F-31E362C6F888}.Release|iPhoneSimulator.Build.0 = Release|Any CPU
		{01092FC1-A9E8-4E32-8F9F-31E362C6F888}.Debug|iPhone.ActiveCfg = Debug|Any CPU
		{01092FC1-A9E8-4E32-8F9F-31E362C6F888}.Debug|iPhone.Build.0 = Debug|Any CPU
		{0746CE43-E947-48F0-9070-8574DB6EE8BB}.Debug|Any CPU.ActiveCfg = Debug|Any CPU
		{0746CE43-E947-48F0-9070-8574DB6EE8BB}.Debug|Any CPU.Build.0 = Debug|Any CPU
		{0746CE43-E947-48F0-9070-8574DB6EE8BB}.Release|Any CPU.ActiveCfg = Release|Any CPU
		{0746CE43-E947-48F0-9070-8574DB6EE8BB}.Release|Any CPU.Build.0 = Release|Any CPU
		{0746CE43-E947-48F0-9070-8574DB6EE8BB}.Debug|iPhoneSimulator.ActiveCfg = Debug|Any CPU
		{0746CE43-E947-48F0-9070-8574DB6EE8BB}.Debug|iPhoneSimulator.Build.0 = Debug|Any CPU
		{0746CE43-E947-48F0-9070-8574DB6EE8BB}.Release|iPhone.ActiveCfg = Release|Any CPU
		{0746CE43-E947-48F0-9070-8574DB6EE8BB}.Release|iPhone.Build.0 = Release|Any CPU
		{0746CE43-E947-48F0-9070-8574DB6EE8BB}.Release|iPhoneSimulator.ActiveCfg = Release|Any CPU
		{0746CE43-E947-48F0-9070-8574DB6EE8BB}.Release|iPhoneSimulator.Build.0 = Release|Any CPU
		{0746CE43-E947-48F0-9070-8574DB6EE8BB}.Debug|iPhone.ActiveCfg = Debug|Any CPU
		{0746CE43-E947-48F0-9070-8574DB6EE8BB}.Debug|iPhone.Build.0 = Debug|Any CPU
		{6F27E4D8-CB12-4DB0-AA90-0B9AD698CFCD}.Debug|Any CPU.ActiveCfg = Debug|Any CPU
		{6F27E4D8-CB12-4DB0-AA90-0B9AD698CFCD}.Debug|Any CPU.Build.0 = Debug|Any CPU
		{6F27E4D8-CB12-4DB0-AA90-0B9AD698CFCD}.Release|Any CPU.ActiveCfg = Release|Any CPU
		{6F27E4D8-CB12-4DB0-AA90-0B9AD698CFCD}.Release|Any CPU.Build.0 = Release|Any CPU
		{6F27E4D8-CB12-4DB0-AA90-0B9AD698CFCD}.Debug|iPhoneSimulator.ActiveCfg = Debug|Any CPU
		{6F27E4D8-CB12-4DB0-AA90-0B9AD698CFCD}.Debug|iPhoneSimulator.Build.0 = Debug|Any CPU
		{6F27E4D8-CB12-4DB0-AA90-0B9AD698CFCD}.Release|iPhone.ActiveCfg = Release|Any CPU
		{6F27E4D8-CB12-4DB0-AA90-0B9AD698CFCD}.Release|iPhone.Build.0 = Release|Any CPU
		{6F27E4D8-CB12-4DB0-AA90-0B9AD698CFCD}.Release|iPhoneSimulator.ActiveCfg = Release|Any CPU
		{6F27E4D8-CB12-4DB0-AA90-0B9AD698CFCD}.Release|iPhoneSimulator.Build.0 = Release|Any CPU
		{6F27E4D8-CB12-4DB0-AA90-0B9AD698CFCD}.Debug|iPhone.ActiveCfg = Debug|Any CPU
		{6F27E4D8-CB12-4DB0-AA90-0B9AD698CFCD}.Debug|iPhone.Build.0 = Debug|Any CPU
		{98992F8B-BBC5-4DBD-8243-E43B5158C722}.Debug|Any CPU.ActiveCfg = Debug|Any CPU
		{98992F8B-BBC5-4DBD-8243-E43B5158C722}.Debug|Any CPU.Build.0 = Debug|Any CPU
		{98992F8B-BBC5-4DBD-8243-E43B5158C722}.Release|Any CPU.ActiveCfg = Release|Any CPU
		{98992F8B-BBC5-4DBD-8243-E43B5158C722}.Release|Any CPU.Build.0 = Release|Any CPU
		{98992F8B-BBC5-4DBD-8243-E43B5158C722}.Debug|iPhoneSimulator.ActiveCfg = Debug|Any CPU
		{98992F8B-BBC5-4DBD-8243-E43B5158C722}.Debug|iPhoneSimulator.Build.0 = Debug|Any CPU
		{98992F8B-BBC5-4DBD-8243-E43B5158C722}.Release|iPhone.ActiveCfg = Release|Any CPU
		{98992F8B-BBC5-4DBD-8243-E43B5158C722}.Release|iPhone.Build.0 = Release|Any CPU
		{98992F8B-BBC5-4DBD-8243-E43B5158C722}.Release|iPhoneSimulator.ActiveCfg = Release|Any CPU
		{98992F8B-BBC5-4DBD-8243-E43B5158C722}.Release|iPhoneSimulator.Build.0 = Release|Any CPU
		{98992F8B-BBC5-4DBD-8243-E43B5158C722}.Debug|iPhone.ActiveCfg = Debug|Any CPU
		{98992F8B-BBC5-4DBD-8243-E43B5158C722}.Debug|iPhone.Build.0 = Debug|Any CPU
		{AD782BEA-F886-4473-A84E-57F41B7109F0}.Debug|Any CPU.ActiveCfg = Debug|Any CPU
		{AD782BEA-F886-4473-A84E-57F41B7109F0}.Debug|Any CPU.Build.0 = Debug|Any CPU
		{AD782BEA-F886-4473-A84E-57F41B7109F0}.Release|Any CPU.ActiveCfg = Release|Any CPU
		{AD782BEA-F886-4473-A84E-57F41B7109F0}.Release|Any CPU.Build.0 = Release|Any CPU
		{AD782BEA-F886-4473-A84E-57F41B7109F0}.Debug|iPhoneSimulator.ActiveCfg = Debug|Any CPU
		{AD782BEA-F886-4473-A84E-57F41B7109F0}.Debug|iPhoneSimulator.Build.0 = Debug|Any CPU
		{AD782BEA-F886-4473-A84E-57F41B7109F0}.Release|iPhone.ActiveCfg = Release|Any CPU
		{AD782BEA-F886-4473-A84E-57F41B7109F0}.Release|iPhone.Build.0 = Release|Any CPU
		{AD782BEA-F886-4473-A84E-57F41B7109F0}.Release|iPhoneSimulator.ActiveCfg = Release|Any CPU
		{AD782BEA-F886-4473-A84E-57F41B7109F0}.Release|iPhoneSimulator.Build.0 = Release|Any CPU
		{AD782BEA-F886-4473-A84E-57F41B7109F0}.Debug|iPhone.ActiveCfg = Debug|Any CPU
		{AD782BEA-F886-4473-A84E-57F41B7109F0}.Debug|iPhone.Build.0 = Debug|Any CPU
		{6AD66E6B-E700-44C3-BD12-1725C2BA3BCC}.Debug|Any CPU.ActiveCfg = Debug|Any CPU
		{6AD66E6B-E700-44C3-BD12-1725C2BA3BCC}.Debug|Any CPU.Build.0 = Debug|Any CPU
		{6AD66E6B-E700-44C3-BD12-1725C2BA3BCC}.Release|Any CPU.ActiveCfg = Release|Any CPU
		{6AD66E6B-E700-44C3-BD12-1725C2BA3BCC}.Release|Any CPU.Build.0 = Release|Any CPU
		{6AD66E6B-E700-44C3-BD12-1725C2BA3BCC}.Debug|iPhoneSimulator.ActiveCfg = Debug|Any CPU
		{6AD66E6B-E700-44C3-BD12-1725C2BA3BCC}.Debug|iPhoneSimulator.Build.0 = Debug|Any CPU
		{6AD66E6B-E700-44C3-BD12-1725C2BA3BCC}.Release|iPhone.ActiveCfg = Release|Any CPU
		{6AD66E6B-E700-44C3-BD12-1725C2BA3BCC}.Release|iPhone.Build.0 = Release|Any CPU
		{6AD66E6B-E700-44C3-BD12-1725C2BA3BCC}.Release|iPhoneSimulator.ActiveCfg = Release|Any CPU
		{6AD66E6B-E700-44C3-BD12-1725C2BA3BCC}.Release|iPhoneSimulator.Build.0 = Release|Any CPU
		{6AD66E6B-E700-44C3-BD12-1725C2BA3BCC}.Debug|iPhone.ActiveCfg = Debug|Any CPU
		{6AD66E6B-E700-44C3-BD12-1725C2BA3BCC}.Debug|iPhone.Build.0 = Debug|Any CPU
		{FAC47A8C-2B1F-452B-ACD4-B5E3F6CCA7B4}.Debug|Any CPU.ActiveCfg = Debug|Any CPU
		{FAC47A8C-2B1F-452B-ACD4-B5E3F6CCA7B4}.Debug|Any CPU.Build.0 = Debug|Any CPU
		{FAC47A8C-2B1F-452B-ACD4-B5E3F6CCA7B4}.Release|Any CPU.ActiveCfg = Release|Any CPU
		{FAC47A8C-2B1F-452B-ACD4-B5E3F6CCA7B4}.Release|Any CPU.Build.0 = Release|Any CPU
		{FAC47A8C-2B1F-452B-ACD4-B5E3F6CCA7B4}.Debug|iPhoneSimulator.ActiveCfg = Debug|Any CPU
		{FAC47A8C-2B1F-452B-ACD4-B5E3F6CCA7B4}.Debug|iPhoneSimulator.Build.0 = Debug|Any CPU
		{FAC47A8C-2B1F-452B-ACD4-B5E3F6CCA7B4}.Release|iPhone.ActiveCfg = Release|Any CPU
		{FAC47A8C-2B1F-452B-ACD4-B5E3F6CCA7B4}.Release|iPhone.Build.0 = Release|Any CPU
		{FAC47A8C-2B1F-452B-ACD4-B5E3F6CCA7B4}.Release|iPhoneSimulator.ActiveCfg = Release|Any CPU
		{FAC47A8C-2B1F-452B-ACD4-B5E3F6CCA7B4}.Release|iPhoneSimulator.Build.0 = Release|Any CPU
		{FAC47A8C-2B1F-452B-ACD4-B5E3F6CCA7B4}.Debug|iPhone.ActiveCfg = Debug|Any CPU
		{FAC47A8C-2B1F-452B-ACD4-B5E3F6CCA7B4}.Debug|iPhone.Build.0 = Debug|Any CPU
	EndGlobalSection
	GlobalSection(NestedProjects) = preSolution
		{665D3C5C-9E55-41A6-81C7-02FB7FFA4C9B} = {2F83DB07-C5C2-4336-9754-5CC5B500B7D2}
		{F0130788-DF8A-497E-AFC2-41B7F5CD035E} = {F7DF41B4-2460-4677-AF4E-AA6FC3CF348E}
		{F6CE7713-2018-4060-9E36-F78048662C94} = {A4D2A66A-FC04-48BA-9D1A-56C03A962A79}
		{C2D631A9-BC08-47D9-92B7-5F9482A3A58A} = {A4D2A66A-FC04-48BA-9D1A-56C03A962A79}
		{8354EBB6-F5C7-4F43-96C1-CDE88156CEB5} = {F7DF41B4-2460-4677-AF4E-AA6FC3CF348E}
		{F4FE7993-CDBC-4E8B-8123-AD43148D16DF} = {E68DA936-D15B-4E55-ACA8-7D12995A301B}
		{F8151170-07E6-4471-9D2D-089656E985E6} = {E68DA936-D15B-4E55-ACA8-7D12995A301B}
		{BD8869F8-5AC0-4EA1-A465-751C4E2E34D8} = {F7DF41B4-2460-4677-AF4E-AA6FC3CF348E}
		{A7420B94-91F7-49F2-94EF-E8AC75B34A51} = {E68DA936-D15B-4E55-ACA8-7D12995A301B}
		{01092FC1-A9E8-4E32-8F9F-31E362C6F888} = {77894A8D-545A-4B19-B852-333C69A7B448}
		{98992F8B-BBC5-4DBD-8243-E43B5158C722} = {8B9D6CF6-2AB0-4E34-BD82-B4AF97E9FA4C}
		{AD782BEA-F886-4473-A84E-57F41B7109F0} = {8B9D6CF6-2AB0-4E34-BD82-B4AF97E9FA4C}
	EndGlobalSection
EndGlobal
